
Microsoft Visual Studio Solution File, Format Version 12.00
# Visual Studio Version 17
VisualStudioVersion = 17.13.35828.75 d17.13
MinimumVisualStudioVersion = 10.0.40219.1
Project("{FAE04EC0-301F-11D3-BF4B-00C04F79EFBC}") = "ProjetoEmprestimoAspCore", "ProjetoEmprestimoAspCore\ProjetoEmprestimoAspCore.csproj", "{005E71FD-BCE8-4E91-898A-0FF059CB0D38}"
EndProject
Global
	GlobalSection(SolutionConfigurationPlatforms) = preSolution
		Debug|Any CPU = Debug|Any CPU
		Release|Any CPU = Release|Any CPU
	EndGlobalSection
	GlobalSection(ProjectConfigurationPlatforms) = postSolution
		{005E71FD-BCE8-4E91-898A-0FF059CB0D38}.Debug|Any CPU.ActiveCfg = Debug|Any CPU
		{005E71FD-BCE8-4E91-898A-0FF059CB0D38}.Debug|Any CPU.Build.0 = Debug|Any CPU
		{005E71FD-BCE8-4E91-898A-0FF059CB0D38}.Release|Any CPU.ActiveCfg = Release|Any CPU
		{005E71FD-BCE8-4E91-898A-0FF059CB0D38}.Release|Any CPU.Build.0 = Release|Any CPU
	EndGlobalSection
	GlobalSection(SolutionProperties) = preSolution
		HideSolutionNode = FALSE
	EndGlobalSection
	GlobalSection(ExtensibilityGlobals) = postSolution
		SolutionGuid = {B87669B7-BF14-4158-8074-0BD7E58ED271}
	EndGlobalSection
EndGlobal
